
Microsoft Visual Studio Solution File, Format Version 12.00
# Visual Studio 15
VisualStudioVersion = 15.0.27004.2005
MinimumVisualStudioVersion = 10.0.40219.1
Project("{FAE04EC0-301F-11D3-BF4B-00C04F79EFBC}") = "Drones", "Drones\Drones.csproj", "{7DED2001-BA80-4B95-B8C0-0262CB89310F}"
EndProject
Project("{FAE04EC0-301F-11D3-BF4B-00C04F79EFBC}") = "UnitTests", "UnitTests\UnitTests.csproj", "{3669E045-0A25-4316-B437-E01DC53E3172}"
EndProject
Global
	GlobalSection(SolutionConfigurationPlatforms) = preSolution
		Debug|Any CPU = Debug|Any CPU
		Release|Any CPU = Release|Any CPU
	EndGlobalSection
	GlobalSection(ProjectConfigurationPlatforms) = postSolution
		{7DED2001-BA80-4B95-B8C0-0262CB89310F}.Debug|Any CPU.ActiveCfg = Debug|Any CPU
		{7DED2001-BA80-4B95-B8C0-0262CB89310F}.Debug|Any CPU.Build.0 = Debug|Any CPU
		{7DED2001-BA80-4B95-B8C0-0262CB89310F}.Release|Any CPU.ActiveCfg = Release|Any CPU
		{7DED2001-BA80-4B95-B8C0-0262CB89310F}.Release|Any CPU.Build.0 = Release|Any CPU
		{3669E045-0A25-4316-B437-E01DC53E3172}.Debug|Any CPU.ActiveCfg = Debug|Any CPU
		{3669E045-0A25-4316-B437-E01DC53E3172}.Debug|Any CPU.Build.0 = Debug|Any CPU
		{3669E045-0A25-4316-B437-E01DC53E3172}.Release|Any CPU.ActiveCfg = Release|Any CPU
		{3669E045-0A25-4316-B437-E01DC53E3172}.Release|Any CPU.Build.0 = Release|Any CPU
	EndGlobalSection
	GlobalSection(SolutionProperties) = preSolution
		HideSolutionNode = FALSE
	EndGlobalSection
	GlobalSection(ExtensibilityGlobals) = postSolution
		SolutionGuid = {349278A9-5661-40DE-B89D-52A1A5B2F5A6}
	EndGlobalSection
EndGlobal
